
Microsoft Visual Studio Solution File, Format Version 12.00
# Visual Studio Version 17
VisualStudioVersion = 17.9.34723.18
MinimumVisualStudioVersion = 10.0.40219.1
Project("{FAE04EC0-301F-11D3-BF4B-00C04F79EFBC}") = "ServicioPersonasApi", "ServicioPersonasApi.csproj", "{6E15891D-C191-455D-854B-274DCEDEEBEB}"
EndProject
Global
	GlobalSection(SolutionConfigurationPlatforms) = preSolution
		Debug|Any CPU = Debug|Any CPU
		Release|Any CPU = Release|Any CPU
	EndGlobalSection
	GlobalSection(ProjectConfigurationPlatforms) = postSolution
		{6E15891D-C191-455D-854B-274DCEDEEBEB}.Debug|Any CPU.ActiveCfg = Debug|Any CPU
		{6E15891D-C191-455D-854B-274DCEDEEBEB}.Debug|Any CPU.Build.0 = Debug|Any CPU
		{6E15891D-C191-455D-854B-274DCEDEEBEB}.Release|Any CPU.ActiveCfg = Release|Any CPU
		{6E15891D-C191-455D-854B-274DCEDEEBEB}.Release|Any CPU.Build.0 = Release|Any CPU
	EndGlobalSection
	GlobalSection(SolutionProperties) = preSolution
		HideSolutionNode = FALSE
	EndGlobalSection
	GlobalSection(ExtensibilityGlobals) = postSolution
		SolutionGuid = {348442D9-D1C9-42B2-B7D7-F5D2A38AA5D1}
	EndGlobalSection
EndGlobal
